
Microsoft Visual Studio Solution File, Format Version 12.00
# Visual Studio 15
VisualStudioVersion = 15.0.28307.489
MinimumVisualStudioVersion = 10.0.40219.1
Project("{FAE04EC0-301F-11D3-BF4B-00C04F79EFBC}") = "dotnetcorereactdemo", "dotnetcorereactdemo\dotnetcorereactdemo.csproj", "{62E765A8-B6A6-4BF5-A547-5C97D208272D}"
EndProject
Global
	GlobalSection(SolutionConfigurationPlatforms) = preSolution
		Debug|Any CPU = Debug|Any CPU
		Release|Any CPU = Release|Any CPU
	EndGlobalSection
	GlobalSection(ProjectConfigurationPlatforms) = postSolution
		{62E765A8-B6A6-4BF5-A547-5C97D208272D}.Debug|Any CPU.ActiveCfg = Debug|Any CPU
		{62E765A8-B6A6-4BF5-A547-5C97D208272D}.Debug|Any CPU.Build.0 = Debug|Any CPU
		{62E765A8-B6A6-4BF5-A547-5C97D208272D}.Release|Any CPU.ActiveCfg = Release|Any CPU
		{62E765A8-B6A6-4BF5-A547-5C97D208272D}.Release|Any CPU.Build.0 = Release|Any CPU
	EndGlobalSection
	GlobalSection(SolutionProperties) = preSolution
		HideSolutionNode = FALSE
	EndGlobalSection
	GlobalSection(ExtensibilityGlobals) = postSolution
		SolutionGuid = {C78ECFD8-AF05-4FFE-ABEE-FB3FB229EA72}
	EndGlobalSection
EndGlobal
