
Microsoft Visual Studio Solution File, Format Version 12.00
# Visual Studio 15
VisualStudioVersion = 15.0.27703.2042
MinimumVisualStudioVersion = 10.0.40219.1
Project("{FAE04EC0-301F-11D3-BF4B-00C04F79EFBC}") = "IndexerTest", "IndexerTest\IndexerTest.csproj", "{A5B00635-CD12-4CA3-843E-E6C1238DDC78}"
EndProject
Global
	GlobalSection(SolutionConfigurationPlatforms) = preSolution
		Debug|Any CPU = Debug|Any CPU
		Release|Any CPU = Release|Any CPU
	EndGlobalSection
	GlobalSection(ProjectConfigurationPlatforms) = postSolution
		{A5B00635-CD12-4CA3-843E-E6C1238DDC78}.Debug|Any CPU.ActiveCfg = Debug|Any CPU
		{A5B00635-CD12-4CA3-843E-E6C1238DDC78}.Debug|Any CPU.Build.0 = Debug|Any CPU
		{A5B00635-CD12-4CA3-843E-E6C1238DDC78}.Release|Any CPU.ActiveCfg = Release|Any CPU
		{A5B00635-CD12-4CA3-843E-E6C1238DDC78}.Release|Any CPU.Build.0 = Release|Any CPU
	EndGlobalSection
	GlobalSection(SolutionProperties) = preSolution
		HideSolutionNode = FALSE
	EndGlobalSection
	GlobalSection(ExtensibilityGlobals) = postSolution
		SolutionGuid = {9A179710-CE74-4EF5-9F03-5018F5365A71}
	EndGlobalSection
EndGlobal
