
Microsoft Visual Studio Solution File, Format Version 12.00
# Visual Studio Version 16
VisualStudioVersion = 16.0.29209.62
MinimumVisualStudioVersion = 10.0.40219.1
Project("{FAE04EC0-301F-11D3-BF4B-00C04F79EFBC}") = "MD5ChecksumDemo", "MD5ChecksumDemo\MD5ChecksumDemo.csproj", "{538594C5-A599-4FD2-9633-1020C640D8A8}"
EndProject
Global
	GlobalSection(SolutionConfigurationPlatforms) = preSolution
		Debug|Any CPU = Debug|Any CPU
		Release|Any CPU = Release|Any CPU
	EndGlobalSection
	GlobalSection(ProjectConfigurationPlatforms) = postSolution
		{538594C5-A599-4FD2-9633-1020C640D8A8}.Debug|Any CPU.ActiveCfg = Debug|Any CPU
		{538594C5-A599-4FD2-9633-1020C640D8A8}.Debug|Any CPU.Build.0 = Debug|Any CPU
		{538594C5-A599-4FD2-9633-1020C640D8A8}.Release|Any CPU.ActiveCfg = Release|Any CPU
		{538594C5-A599-4FD2-9633-1020C640D8A8}.Release|Any CPU.Build.0 = Release|Any CPU
	EndGlobalSection
	GlobalSection(SolutionProperties) = preSolution
		HideSolutionNode = FALSE
	EndGlobalSection
	GlobalSection(ExtensibilityGlobals) = postSolution
		SolutionGuid = {4222A630-1C69-4259-8E41-F26E55F568DB}
	EndGlobalSection
EndGlobal
