
Microsoft Visual Studio Solution File, Format Version 12.00
# Visual Studio Version 16
VisualStudioVersion = 16.0.31624.102
MinimumVisualStudioVersion = 10.0.40219.1
Project("{FAE04EC0-301F-11D3-BF4B-00C04F79EFBC}") = "FluentValidationDemo", "FluentValidationDemo\FluentValidationDemo.csproj", "{F02AF0DE-8D89-4906-A06E-0367424AB92E}"
EndProject
Global
	GlobalSection(SolutionConfigurationPlatforms) = preSolution
		Debug|Any CPU = Debug|Any CPU
		Release|Any CPU = Release|Any CPU
	EndGlobalSection
	GlobalSection(ProjectConfigurationPlatforms) = postSolution
		{F02AF0DE-8D89-4906-A06E-0367424AB92E}.Debug|Any CPU.ActiveCfg = Debug|Any CPU
		{F02AF0DE-8D89-4906-A06E-0367424AB92E}.Debug|Any CPU.Build.0 = Debug|Any CPU
		{F02AF0DE-8D89-4906-A06E-0367424AB92E}.Release|Any CPU.ActiveCfg = Release|Any CPU
		{F02AF0DE-8D89-4906-A06E-0367424AB92E}.Release|Any CPU.Build.0 = Release|Any CPU
	EndGlobalSection
	GlobalSection(SolutionProperties) = preSolution
		HideSolutionNode = FALSE
	EndGlobalSection
	GlobalSection(ExtensibilityGlobals) = postSolution
		SolutionGuid = {F0739721-58CC-4F2B-823B-A9BF9CBDF8A9}
	EndGlobalSection
EndGlobal
