
Microsoft Visual Studio Solution File, Format Version 12.00
# Visual Studio 15
VisualStudioVersion = 15.0.28307.106
MinimumVisualStudioVersion = 10.0.40219.1
Project("{FAE04EC0-301F-11D3-BF4B-00C04F79EFBC}") = "FactoryMethodDemo", "FactoryMethodDemo\FactoryMethodDemo.csproj", "{B21C1BDE-5DAD-4350-9C36-DE135C32DD65}"
EndProject
Project("{FAE04EC0-301F-11D3-BF4B-00C04F79EFBC}") = "FactoryMethodDemo2", "FactoryMethodDemo2\FactoryMethodDemo2.csproj", "{0A16973A-D849-4430-B13E-77A98DDCA7FF}"
EndProject
Global
	GlobalSection(SolutionConfigurationPlatforms) = preSolution
		Debug|Any CPU = Debug|Any CPU
		Release|Any CPU = Release|Any CPU
	EndGlobalSection
	GlobalSection(ProjectConfigurationPlatforms) = postSolution
		{B21C1BDE-5DAD-4350-9C36-DE135C32DD65}.Debug|Any CPU.ActiveCfg = Debug|Any CPU
		{B21C1BDE-5DAD-4350-9C36-DE135C32DD65}.Debug|Any CPU.Build.0 = Debug|Any CPU
		{B21C1BDE-5DAD-4350-9C36-DE135C32DD65}.Release|Any CPU.ActiveCfg = Release|Any CPU
		{B21C1BDE-5DAD-4350-9C36-DE135C32DD65}.Release|Any CPU.Build.0 = Release|Any CPU
		{0A16973A-D849-4430-B13E-77A98DDCA7FF}.Debug|Any CPU.ActiveCfg = Debug|Any CPU
		{0A16973A-D849-4430-B13E-77A98DDCA7FF}.Debug|Any CPU.Build.0 = Debug|Any CPU
		{0A16973A-D849-4430-B13E-77A98DDCA7FF}.Release|Any CPU.ActiveCfg = Release|Any CPU
		{0A16973A-D849-4430-B13E-77A98DDCA7FF}.Release|Any CPU.Build.0 = Release|Any CPU
	EndGlobalSection
	GlobalSection(SolutionProperties) = preSolution
		HideSolutionNode = FALSE
	EndGlobalSection
	GlobalSection(ExtensibilityGlobals) = postSolution
		SolutionGuid = {38EEAF73-44D1-4EAC-A8DA-9B4CACDE609D}
	EndGlobalSection
EndGlobal
