
Microsoft Visual Studio Solution File, Format Version 12.00
# Visual Studio Version 16
VisualStudioVersion = 16.0.29609.76
MinimumVisualStudioVersion = 10.0.40219.1
Project("{FAE04EC0-301F-11D3-BF4B-00C04F79EFBC}") = "ExpressionTrees", "ExpressionTrees\ExpressionTrees.csproj", "{ABDEB863-FA27-4DF1-9480-67B03D63B096}"
EndProject
Global
	GlobalSection(SolutionConfigurationPlatforms) = preSolution
		Debug|Any CPU = Debug|Any CPU
		Release|Any CPU = Release|Any CPU
	EndGlobalSection
	GlobalSection(ProjectConfigurationPlatforms) = postSolution
		{ABDEB863-FA27-4DF1-9480-67B03D63B096}.Debug|Any CPU.ActiveCfg = Debug|Any CPU
		{ABDEB863-FA27-4DF1-9480-67B03D63B096}.Debug|Any CPU.Build.0 = Debug|Any CPU
		{ABDEB863-FA27-4DF1-9480-67B03D63B096}.Release|Any CPU.ActiveCfg = Release|Any CPU
		{ABDEB863-FA27-4DF1-9480-67B03D63B096}.Release|Any CPU.Build.0 = Release|Any CPU
	EndGlobalSection
	GlobalSection(SolutionProperties) = preSolution
		HideSolutionNode = FALSE
	EndGlobalSection
	GlobalSection(ExtensibilityGlobals) = postSolution
		SolutionGuid = {A74084ED-7039-4157-B306-E7F3D3A9AC3F}
	EndGlobalSection
EndGlobal
