
Microsoft Visual Studio Solution File, Format Version 12.00
# Visual Studio Version 16
VisualStudioVersion = 16.0.30011.22
MinimumVisualStudioVersion = 10.0.40219.1
Project("{9A19103F-16F7-4668-BE54-9A1E7A4F7556}") = "EFCore", "EFCore\EFCore.csproj", "{760A70C1-424A-4A70-8F10-F7671A37E6E6}"
EndProject
Project("{9A19103F-16F7-4668-BE54-9A1E7A4F7556}") = "ADONET", "ADONET\ADONET.csproj", "{4265069A-6538-499F-A5E6-35AD0D278164}"
EndProject
Project("{9A19103F-16F7-4668-BE54-9A1E7A4F7556}") = "DapperDemo", "DapperDemo\DapperDemo.csproj", "{8618799C-BEEC-49F0-A764-BAF74FE77019}"
EndProject
Project("{FAE04EC0-301F-11D3-BF4B-00C04F79EFBC}") = "SqlClient", "SqlClient\SqlClient.csproj", "{326DA2AA-BD14-4C5E-B38E-0D33875C64F9}"
EndProject
Global
	GlobalSection(SolutionConfigurationPlatforms) = preSolution
		Debug|Any CPU = Debug|Any CPU
		Release|Any CPU = Release|Any CPU
	EndGlobalSection
	GlobalSection(ProjectConfigurationPlatforms) = postSolution
		{760A70C1-424A-4A70-8F10-F7671A37E6E6}.Debug|Any CPU.ActiveCfg = Debug|Any CPU
		{760A70C1-424A-4A70-8F10-F7671A37E6E6}.Debug|Any CPU.Build.0 = Debug|Any CPU
		{760A70C1-424A-4A70-8F10-F7671A37E6E6}.Release|Any CPU.ActiveCfg = Release|Any CPU
		{760A70C1-424A-4A70-8F10-F7671A37E6E6}.Release|Any CPU.Build.0 = Release|Any CPU
		{4265069A-6538-499F-A5E6-35AD0D278164}.Debug|Any CPU.ActiveCfg = Debug|Any CPU
		{4265069A-6538-499F-A5E6-35AD0D278164}.Debug|Any CPU.Build.0 = Debug|Any CPU
		{4265069A-6538-499F-A5E6-35AD0D278164}.Release|Any CPU.ActiveCfg = Release|Any CPU
		{4265069A-6538-499F-A5E6-35AD0D278164}.Release|Any CPU.Build.0 = Release|Any CPU
		{8618799C-BEEC-49F0-A764-BAF74FE77019}.Debug|Any CPU.ActiveCfg = Debug|Any CPU
		{8618799C-BEEC-49F0-A764-BAF74FE77019}.Debug|Any CPU.Build.0 = Debug|Any CPU
		{8618799C-BEEC-49F0-A764-BAF74FE77019}.Release|Any CPU.ActiveCfg = Release|Any CPU
		{8618799C-BEEC-49F0-A764-BAF74FE77019}.Release|Any CPU.Build.0 = Release|Any CPU
		{326DA2AA-BD14-4C5E-B38E-0D33875C64F9}.Debug|Any CPU.ActiveCfg = Debug|Any CPU
		{326DA2AA-BD14-4C5E-B38E-0D33875C64F9}.Debug|Any CPU.Build.0 = Debug|Any CPU
		{326DA2AA-BD14-4C5E-B38E-0D33875C64F9}.Release|Any CPU.ActiveCfg = Release|Any CPU
		{326DA2AA-BD14-4C5E-B38E-0D33875C64F9}.Release|Any CPU.Build.0 = Release|Any CPU
	EndGlobalSection
	GlobalSection(SolutionProperties) = preSolution
		HideSolutionNode = FALSE
	EndGlobalSection
	GlobalSection(ExtensibilityGlobals) = postSolution
		SolutionGuid = {83578439-BD33-4B30-9943-6619CC4B371B}
	EndGlobalSection
EndGlobal
