
Microsoft Visual Studio Solution File, Format Version 12.00
# Visual Studio 15
VisualStudioVersion = 15.0.27703.2042
MinimumVisualStudioVersion = 10.0.40219.1
Project("{FAE04EC0-301F-11D3-BF4B-00C04F79EFBC}") = "delegates-test", "delegates-test.csproj", "{EEBB2025-BB8F-431C-AC0C-F41022BDDC93}"
EndProject
Project("{FAE04EC0-301F-11D3-BF4B-00C04F79EFBC}") = "anon-delegate-test", "..\anon-delegate-test\anon-delegate-test.csproj", "{F14D7CB1-B5B6-4EDE-95E6-1943740F40E9}"
EndProject
Global
	GlobalSection(SolutionConfigurationPlatforms) = preSolution
		Debug|Any CPU = Debug|Any CPU
		Release|Any CPU = Release|Any CPU
	EndGlobalSection
	GlobalSection(ProjectConfigurationPlatforms) = postSolution
		{EEBB2025-BB8F-431C-AC0C-F41022BDDC93}.Debug|Any CPU.ActiveCfg = Debug|Any CPU
		{EEBB2025-BB8F-431C-AC0C-F41022BDDC93}.Debug|Any CPU.Build.0 = Debug|Any CPU
		{EEBB2025-BB8F-431C-AC0C-F41022BDDC93}.Release|Any CPU.ActiveCfg = Release|Any CPU
		{EEBB2025-BB8F-431C-AC0C-F41022BDDC93}.Release|Any CPU.Build.0 = Release|Any CPU
		{F14D7CB1-B5B6-4EDE-95E6-1943740F40E9}.Debug|Any CPU.ActiveCfg = Debug|Any CPU
		{F14D7CB1-B5B6-4EDE-95E6-1943740F40E9}.Debug|Any CPU.Build.0 = Debug|Any CPU
		{F14D7CB1-B5B6-4EDE-95E6-1943740F40E9}.Release|Any CPU.ActiveCfg = Release|Any CPU
		{F14D7CB1-B5B6-4EDE-95E6-1943740F40E9}.Release|Any CPU.Build.0 = Release|Any CPU
	EndGlobalSection
	GlobalSection(SolutionProperties) = preSolution
		HideSolutionNode = FALSE
	EndGlobalSection
	GlobalSection(ExtensibilityGlobals) = postSolution
		SolutionGuid = {4A6E30F2-2ABF-4D43-9C41-52BE3ACE99FE}
	EndGlobalSection
EndGlobal
