
Microsoft Visual Studio Solution File, Format Version 12.00
# Visual Studio Version 16
VisualStudioVersion = 16.0.29102.190
MinimumVisualStudioVersion = 10.0.40219.1
Project("{FAE04EC0-301F-11D3-BF4B-00C04F79EFBC}") = "dockerdemos", "dockerdemos\dockerdemos.csproj", "{2EA93226-DFF2-4E3D-B4FB-38DB81DE428D}"
EndProject
Project("{2150E333-8FDC-42A3-9474-1A3956D46DE8}") = "Solution Items", "Solution Items", "{97C720C1-2143-49FD-946A-34FAC549D7BC}"
	ProjectSection(SolutionItems) = preProject
		readme.txt = readme.txt
	EndProjectSection
EndProject
Global
	GlobalSection(SolutionConfigurationPlatforms) = preSolution
		Debug|Any CPU = Debug|Any CPU
		Release|Any CPU = Release|Any CPU
	EndGlobalSection
	GlobalSection(ProjectConfigurationPlatforms) = postSolution
		{2EA93226-DFF2-4E3D-B4FB-38DB81DE428D}.Debug|Any CPU.ActiveCfg = Debug|Any CPU
		{2EA93226-DFF2-4E3D-B4FB-38DB81DE428D}.Debug|Any CPU.Build.0 = Debug|Any CPU
		{2EA93226-DFF2-4E3D-B4FB-38DB81DE428D}.Release|Any CPU.ActiveCfg = Release|Any CPU
		{2EA93226-DFF2-4E3D-B4FB-38DB81DE428D}.Release|Any CPU.Build.0 = Release|Any CPU
	EndGlobalSection
	GlobalSection(SolutionProperties) = preSolution
		HideSolutionNode = FALSE
	EndGlobalSection
	GlobalSection(ExtensibilityGlobals) = postSolution
		SolutionGuid = {7F25B1AD-152A-406E-843C-12FEA252EBA7}
	EndGlobalSection
EndGlobal
