
Microsoft Visual Studio Solution File, Format Version 12.00
# Visual Studio Version 16
VisualStudioVersion = 16.0.29519.87
MinimumVisualStudioVersion = 10.0.40219.1
Project("{FAE04EC0-301F-11D3-BF4B-00C04F79EFBC}") = "CDSystem", "CDSystem\CDSystem.csproj", "{445186B3-34F2-4557-AE04-B7291FC79A92}"
EndProject
Project("{FAE04EC0-301F-11D3-BF4B-00C04F79EFBC}") = "CDSystem.Tests", "CDSystem.Tests\CDSystem.Tests.csproj", "{EDC781F7-8EA5-446D-88C2-05DC02703190}"
EndProject
Global
	GlobalSection(SolutionConfigurationPlatforms) = preSolution
		Debug|Any CPU = Debug|Any CPU
		Release|Any CPU = Release|Any CPU
	EndGlobalSection
	GlobalSection(ProjectConfigurationPlatforms) = postSolution
		{445186B3-34F2-4557-AE04-B7291FC79A92}.Debug|Any CPU.ActiveCfg = Debug|Any CPU
		{445186B3-34F2-4557-AE04-B7291FC79A92}.Debug|Any CPU.Build.0 = Debug|Any CPU
		{445186B3-34F2-4557-AE04-B7291FC79A92}.Release|Any CPU.ActiveCfg = Release|Any CPU
		{445186B3-34F2-4557-AE04-B7291FC79A92}.Release|Any CPU.Build.0 = Release|Any CPU
		{EDC781F7-8EA5-446D-88C2-05DC02703190}.Debug|Any CPU.ActiveCfg = Debug|Any CPU
		{EDC781F7-8EA5-446D-88C2-05DC02703190}.Debug|Any CPU.Build.0 = Debug|Any CPU
		{EDC781F7-8EA5-446D-88C2-05DC02703190}.Release|Any CPU.ActiveCfg = Release|Any CPU
		{EDC781F7-8EA5-446D-88C2-05DC02703190}.Release|Any CPU.Build.0 = Release|Any CPU
	EndGlobalSection
	GlobalSection(SolutionProperties) = preSolution
		HideSolutionNode = FALSE
	EndGlobalSection
	GlobalSection(ExtensibilityGlobals) = postSolution
		SolutionGuid = {96B8BE93-C9F7-413E-9367-2AEE290336C5}
	EndGlobalSection
EndGlobal
