
Microsoft Visual Studio Solution File, Format Version 12.00
# Visual Studio 15
VisualStudioVersion = 15.0.26730.16
MinimumVisualStudioVersion = 10.0.40219.1
Project("{FAE04EC0-301F-11D3-BF4B-00C04F79EFBC}") = "ConsoleApp12", "ConsoleApp12\ConsoleApp12.csproj", "{736643FF-F79F-41F0-8D28-525330A25F9F}"
EndProject
Project("{FAE04EC0-301F-11D3-BF4B-00C04F79EFBC}") = "TimeZoneConverter", "E:\TFS\Tasks\TimeZoneConverter\TimeZoneConverter.csproj", "{68BC6528-8F24-4C9C-8D1A-9954B019D725}"
EndProject
Global
	GlobalSection(SolutionConfigurationPlatforms) = preSolution
		Debug|Any CPU = Debug|Any CPU
		Release|Any CPU = Release|Any CPU
	EndGlobalSection
	GlobalSection(ProjectConfigurationPlatforms) = postSolution
		{736643FF-F79F-41F0-8D28-525330A25F9F}.Debug|Any CPU.ActiveCfg = Debug|Any CPU
		{736643FF-F79F-41F0-8D28-525330A25F9F}.Debug|Any CPU.Build.0 = Debug|Any CPU
		{736643FF-F79F-41F0-8D28-525330A25F9F}.Release|Any CPU.ActiveCfg = Release|Any CPU
		{736643FF-F79F-41F0-8D28-525330A25F9F}.Release|Any CPU.Build.0 = Release|Any CPU
		{68BC6528-8F24-4C9C-8D1A-9954B019D725}.Debug|Any CPU.ActiveCfg = Debug|Any CPU
		{68BC6528-8F24-4C9C-8D1A-9954B019D725}.Debug|Any CPU.Build.0 = Debug|Any CPU
		{68BC6528-8F24-4C9C-8D1A-9954B019D725}.Release|Any CPU.ActiveCfg = Release|Any CPU
		{68BC6528-8F24-4C9C-8D1A-9954B019D725}.Release|Any CPU.Build.0 = Release|Any CPU
	EndGlobalSection
	GlobalSection(SolutionProperties) = preSolution
		HideSolutionNode = FALSE
	EndGlobalSection
	GlobalSection(ExtensibilityGlobals) = postSolution
		SolutionGuid = {C7B9828B-1C0A-4810-8695-6D052F540798}
	EndGlobalSection
	GlobalSection(TeamFoundationVersionControl) = preSolution
		SccNumberOfProjects = 1
		SccEnterpriseProvider = {4CA58AB2-18FA-4F8D-95D4-32DDF27D184C}
		SccTeamFoundationServer = http://cochrane:8080/tfs/winchester
		SccProjectUniqueName0 = E:\\TFS\\Tasks\\TimeZoneConverter\\TimeZoneConverter.csproj
		SccProjectName0 = $/Tasks/TimeZoneConverter
		SccAuxPath0 = http://cochrane:8080/tfs/winchester
		SccLocalPath0 = E:\\TFS\\Tasks\\TimeZoneConverter
		SccProvider0 = {4CA58AB2-18FA-4F8D-95D4-32DDF27D184C}
	EndGlobalSection
EndGlobal
