
Microsoft Visual Studio Solution File, Format Version 12.00
# Visual Studio 15
VisualStudioVersion = 15.0.27703.2042
MinimumVisualStudioVersion = 10.0.40219.1
Project("{FAE04EC0-301F-11D3-BF4B-00C04F79EFBC}") = "DelegateEventDemo", "DelegateEventDemo\DelegateEventDemo.csproj", "{46DE21D5-CC17-4DE0-915A-6D68D44247F4}"
EndProject
Global
	GlobalSection(SolutionConfigurationPlatforms) = preSolution
		Debug|Any CPU = Debug|Any CPU
		Release|Any CPU = Release|Any CPU
	EndGlobalSection
	GlobalSection(ProjectConfigurationPlatforms) = postSolution
		{46DE21D5-CC17-4DE0-915A-6D68D44247F4}.Debug|Any CPU.ActiveCfg = Debug|Any CPU
		{46DE21D5-CC17-4DE0-915A-6D68D44247F4}.Debug|Any CPU.Build.0 = Debug|Any CPU
		{46DE21D5-CC17-4DE0-915A-6D68D44247F4}.Release|Any CPU.ActiveCfg = Release|Any CPU
		{46DE21D5-CC17-4DE0-915A-6D68D44247F4}.Release|Any CPU.Build.0 = Release|Any CPU
	EndGlobalSection
	GlobalSection(SolutionProperties) = preSolution
		HideSolutionNode = FALSE
	EndGlobalSection
	GlobalSection(ExtensibilityGlobals) = postSolution
		SolutionGuid = {77655FB9-D500-4175-847F-E90EE82DDAF2}
	EndGlobalSection
EndGlobal
