
Microsoft Visual Studio Solution File, Format Version 12.00
# Visual Studio Version 16
VisualStudioVersion = 16.0.29418.71
MinimumVisualStudioVersion = 10.0.40219.1
Project("{9A19103F-16F7-4668-BE54-9A1E7A4F7556}") = "Events", "Events\Events.csproj", "{331074D1-5E0B-45E6-A67E-31CDC3E82C05}"
EndProject
Project("{9A19103F-16F7-4668-BE54-9A1E7A4F7556}") = "EventsWithData", "EventsWithData\EventsWithData.csproj", "{53FABF3A-69DA-4A7B-9349-6D0C06F67CBC}"
EndProject
Project("{FAE04EC0-301F-11D3-BF4B-00C04F79EFBC}") = "EventsWithDelegates", "EventsWithDelegates\EventsWithDelegates.csproj", "{0F717068-81E6-4AD3-A250-BEB272597624}"
EndProject
Project("{FAE04EC0-301F-11D3-BF4B-00C04F79EFBC}") = "EventCollections", "EventCollections\EventCollections.csproj", "{824EB348-3442-4A23-93BC-490ED4EC8D67}"
EndProject
Global
	GlobalSection(SolutionConfigurationPlatforms) = preSolution
		Debug|Any CPU = Debug|Any CPU
		Release|Any CPU = Release|Any CPU
	EndGlobalSection
	GlobalSection(ProjectConfigurationPlatforms) = postSolution
		{331074D1-5E0B-45E6-A67E-31CDC3E82C05}.Debug|Any CPU.ActiveCfg = Debug|Any CPU
		{331074D1-5E0B-45E6-A67E-31CDC3E82C05}.Debug|Any CPU.Build.0 = Debug|Any CPU
		{331074D1-5E0B-45E6-A67E-31CDC3E82C05}.Release|Any CPU.ActiveCfg = Release|Any CPU
		{331074D1-5E0B-45E6-A67E-31CDC3E82C05}.Release|Any CPU.Build.0 = Release|Any CPU
		{53FABF3A-69DA-4A7B-9349-6D0C06F67CBC}.Debug|Any CPU.ActiveCfg = Debug|Any CPU
		{53FABF3A-69DA-4A7B-9349-6D0C06F67CBC}.Debug|Any CPU.Build.0 = Debug|Any CPU
		{53FABF3A-69DA-4A7B-9349-6D0C06F67CBC}.Release|Any CPU.ActiveCfg = Release|Any CPU
		{53FABF3A-69DA-4A7B-9349-6D0C06F67CBC}.Release|Any CPU.Build.0 = Release|Any CPU
		{0F717068-81E6-4AD3-A250-BEB272597624}.Debug|Any CPU.ActiveCfg = Debug|Any CPU
		{0F717068-81E6-4AD3-A250-BEB272597624}.Debug|Any CPU.Build.0 = Debug|Any CPU
		{0F717068-81E6-4AD3-A250-BEB272597624}.Release|Any CPU.ActiveCfg = Release|Any CPU
		{0F717068-81E6-4AD3-A250-BEB272597624}.Release|Any CPU.Build.0 = Release|Any CPU
		{824EB348-3442-4A23-93BC-490ED4EC8D67}.Debug|Any CPU.ActiveCfg = Debug|Any CPU
		{824EB348-3442-4A23-93BC-490ED4EC8D67}.Debug|Any CPU.Build.0 = Debug|Any CPU
		{824EB348-3442-4A23-93BC-490ED4EC8D67}.Release|Any CPU.ActiveCfg = Release|Any CPU
		{824EB348-3442-4A23-93BC-490ED4EC8D67}.Release|Any CPU.Build.0 = Release|Any CPU
	EndGlobalSection
	GlobalSection(SolutionProperties) = preSolution
		HideSolutionNode = FALSE
	EndGlobalSection
	GlobalSection(ExtensibilityGlobals) = postSolution
		SolutionGuid = {8B7FB18C-7175-42F3-8B0F-0952F67A733E}
	EndGlobalSection
EndGlobal
