
Microsoft Visual Studio Solution File, Format Version 12.00
# Visual Studio Version 16
VisualStudioVersion = 16.0.29519.87
MinimumVisualStudioVersion = 10.0.40219.1
Project("{FAE04EC0-301F-11D3-BF4B-00C04F79EFBC}") = "RockPaperScissorsTests", "RockPaperScissors\RockPaperScissorsTests.csproj", "{FD3DD873-B402-42AC-BE9F-80E78370EFB7}"
EndProject
Global
	GlobalSection(SolutionConfigurationPlatforms) = preSolution
		Debug|Any CPU = Debug|Any CPU
		Release|Any CPU = Release|Any CPU
	EndGlobalSection
	GlobalSection(ProjectConfigurationPlatforms) = postSolution
		{FD3DD873-B402-42AC-BE9F-80E78370EFB7}.Debug|Any CPU.ActiveCfg = Debug|Any CPU
		{FD3DD873-B402-42AC-BE9F-80E78370EFB7}.Debug|Any CPU.Build.0 = Debug|Any CPU
		{FD3DD873-B402-42AC-BE9F-80E78370EFB7}.Release|Any CPU.ActiveCfg = Release|Any CPU
		{FD3DD873-B402-42AC-BE9F-80E78370EFB7}.Release|Any CPU.Build.0 = Release|Any CPU
	EndGlobalSection
	GlobalSection(SolutionProperties) = preSolution
		HideSolutionNode = FALSE
	EndGlobalSection
	GlobalSection(ExtensibilityGlobals) = postSolution
		SolutionGuid = {814960FA-93D2-44E5-BF43-D02ADC0F26ED}
	EndGlobalSection
EndGlobal
