
Microsoft Visual Studio Solution File, Format Version 12.00
# Visual Studio Version 16
VisualStudioVersion = 16.0.29709.97
MinimumVisualStudioVersion = 10.0.40219.1
Project("{FAE04EC0-301F-11D3-BF4B-00C04F79EFBC}") = "KeyVaultTest", "KeyVaultTest\KeyVaultTest.csproj", "{CB5248CC-0BA4-4740-8B01-7769386D2C93}"
EndProject
Project("{9A19103F-16F7-4668-BE54-9A1E7A4F7556}") = "AzureKeyVaultLib", "..\..\Azure\AzureKeyVaultLib\AzureKeyVaultLib\AzureKeyVaultLib.csproj", "{41E107C9-35DB-459F-B5FA-754CC0C54648}"
EndProject
Global
	GlobalSection(SolutionConfigurationPlatforms) = preSolution
		Debug|Any CPU = Debug|Any CPU
		Release|Any CPU = Release|Any CPU
	EndGlobalSection
	GlobalSection(ProjectConfigurationPlatforms) = postSolution
		{CB5248CC-0BA4-4740-8B01-7769386D2C93}.Debug|Any CPU.ActiveCfg = Debug|Any CPU
		{CB5248CC-0BA4-4740-8B01-7769386D2C93}.Debug|Any CPU.Build.0 = Debug|Any CPU
		{CB5248CC-0BA4-4740-8B01-7769386D2C93}.Release|Any CPU.ActiveCfg = Release|Any CPU
		{CB5248CC-0BA4-4740-8B01-7769386D2C93}.Release|Any CPU.Build.0 = Release|Any CPU
		{41E107C9-35DB-459F-B5FA-754CC0C54648}.Debug|Any CPU.ActiveCfg = Debug|Any CPU
		{41E107C9-35DB-459F-B5FA-754CC0C54648}.Debug|Any CPU.Build.0 = Debug|Any CPU
		{41E107C9-35DB-459F-B5FA-754CC0C54648}.Release|Any CPU.ActiveCfg = Release|Any CPU
		{41E107C9-35DB-459F-B5FA-754CC0C54648}.Release|Any CPU.Build.0 = Release|Any CPU
	EndGlobalSection
	GlobalSection(SolutionProperties) = preSolution
		HideSolutionNode = FALSE
	EndGlobalSection
	GlobalSection(ExtensibilityGlobals) = postSolution
		SolutionGuid = {62490DF9-9B82-45F8-8E00-BF277F2DF775}
	EndGlobalSection
EndGlobal
